
Microsoft Visual Studio Solution File, Format Version 12.00
Project("{2150E333-8FDC-42A3-9474-1A3956D46DE8}") = "Solution Items", "Solution Items", "{BD7B421E-1B35-4388-8F58-5DD351BE42A0}"
	ProjectSection(SolutionItems) = preProject
		.editorconfig = .editorconfig
	EndProjectSection
EndProject
Project("{2150E333-8FDC-42A3-9474-1A3956D46DE8}") = "src", "src", "{BE457E13-F5E2-42BC-BB94-0DF3187E12BF}"
EndProject
Project("{2150E333-8FDC-42A3-9474-1A3956D46DE8}") = "tests", "tests", "{26CFF8B5-96F7-48D6-AF47-71CEDAB807DD}"
EndProject
Project("{2150E333-8FDC-42A3-9474-1A3956D46DE8}") = "deploy", "deploy", "{63EDECD5-E3C4-47B5-B902-0E0822AD36D0}"
EndProject
Project("{FAE04EC0-301F-11D3-BF4B-00C04F79EFBC}") = "aws-infra", "deploy\aws-infra.csproj", "{10F2657D-AAC4-4F92-A8DC-569360BC39FF}"
EndProject
Project("{2150E333-8FDC-42A3-9474-1A3956D46DE8}") = "Sqs", "Sqs", "{E7D74229-1351-4DB7-B80B-00C03DEDEBA8}"
EndProject
Project("{FAE04EC0-301F-11D3-BF4B-00C04F79EFBC}") = "Sqs.Consumer", "src\Sqs\Sqs.Consumer\Sqs.Consumer.csproj", "{B1BCCF5F-89B7-484A-A9E3-99E612451C91}"
EndProject
Project("{FAE04EC0-301F-11D3-BF4B-00C04F79EFBC}") = "Sqs.Producer", "src\Sqs\Sqs.Producer\Sqs.Producer.csproj", "{28AF0F2F-4B2F-4AF2-8B87-145B3FC3F97C}"
EndProject
Project("{FAE04EC0-301F-11D3-BF4B-00C04F79EFBC}") = "Customers.Api", "src\Sqs\Customers.Api\Customers.Api.csproj", "{D4B0D8FE-28A5-4280-B6E3-386143C9CF46}"
EndProject
Project("{FAE04EC0-301F-11D3-BF4B-00C04F79EFBC}") = "Customers.Consumer", "src\Sqs\Customers.Consumer\Customers.Consumer.csproj", "{D2A54578-8009-48D1-B84D-D0C2195C043F}"
EndProject
Project("{2150E333-8FDC-42A3-9474-1A3956D46DE8}") = "Sns", "Sns", "{C40F2B6D-D642-49EE-80C5-BEC5114580F6}"
EndProject
Project("{FAE04EC0-301F-11D3-BF4B-00C04F79EFBC}") = "Sns.Producer", "src\Sns\Sns.Producer\Sns.Producer.csproj", "{52866A3D-D40E-4888-A015-0867DB489C74}"
EndProject
Project("{FAE04EC0-301F-11D3-BF4B-00C04F79EFBC}") = "Sns.Consumer", "src\Sns\Sns.Consumer\Sns.Consumer.csproj", "{B6BB848B-A43D-4E89-AB0E-A579985AF20D}"
EndProject
Project("{FAE04EC0-301F-11D3-BF4B-00C04F79EFBC}") = "Sns.Contracts", "src\Sns\Sns.Contracts\Sns.Contracts.csproj", "{18384BD1-D3A4-4408-8988-3BD2C65E65B2}"
EndProject
Project("{FAE04EC0-301F-11D3-BF4B-00C04F79EFBC}") = "Sqs.Contracts", "src\Sqs\Sqs.Contracts\Sqs.Contracts.csproj", "{515911FC-BAD5-41BD-9A1B-138A9109E664}"
EndProject
Project("{FAE04EC0-301F-11D3-BF4B-00C04F79EFBC}") = "Customers.Api", "src\Sns\Customers.Api\Customers.Api.csproj", "{3C47F353-EDD7-4442-8896-DD6142AF2688}"
EndProject
Project("{FAE04EC0-301F-11D3-BF4B-00C04F79EFBC}") = "Customers.Consumer", "src\Sns\Customers.Consumer\Customers.Consumer.csproj", "{F2862C9F-9E9C-4ACD-B644-206E18B79B12}"
EndProject
Global
	GlobalSection(SolutionConfigurationPlatforms) = preSolution
		Debug|Any CPU = Debug|Any CPU
		Release|Any CPU = Release|Any CPU
	EndGlobalSection
	GlobalSection(NestedProjects) = preSolution
		{10F2657D-AAC4-4F92-A8DC-569360BC39FF} = {63EDECD5-E3C4-47B5-B902-0E0822AD36D0}
		{E7D74229-1351-4DB7-B80B-00C03DEDEBA8} = {BE457E13-F5E2-42BC-BB94-0DF3187E12BF}
		{B1BCCF5F-89B7-484A-A9E3-99E612451C91} = {E7D74229-1351-4DB7-B80B-00C03DEDEBA8}
		{28AF0F2F-4B2F-4AF2-8B87-145B3FC3F97C} = {E7D74229-1351-4DB7-B80B-00C03DEDEBA8}
		{D4B0D8FE-28A5-4280-B6E3-386143C9CF46} = {E7D74229-1351-4DB7-B80B-00C03DEDEBA8}
		{D2A54578-8009-48D1-B84D-D0C2195C043F} = {E7D74229-1351-4DB7-B80B-00C03DEDEBA8}
		{C40F2B6D-D642-49EE-80C5-BEC5114580F6} = {BE457E13-F5E2-42BC-BB94-0DF3187E12BF}
		{52866A3D-D40E-4888-A015-0867DB489C74} = {C40F2B6D-D642-49EE-80C5-BEC5114580F6}
		{B6BB848B-A43D-4E89-AB0E-A579985AF20D} = {C40F2B6D-D642-49EE-80C5-BEC5114580F6}
		{18384BD1-D3A4-4408-8988-3BD2C65E65B2} = {C40F2B6D-D642-49EE-80C5-BEC5114580F6}
		{515911FC-BAD5-41BD-9A1B-138A9109E664} = {E7D74229-1351-4DB7-B80B-00C03DEDEBA8}
		{3C47F353-EDD7-4442-8896-DD6142AF2688} = {C40F2B6D-D642-49EE-80C5-BEC5114580F6}
		{F2862C9F-9E9C-4ACD-B644-206E18B79B12} = {C40F2B6D-D642-49EE-80C5-BEC5114580F6}
	EndGlobalSection
	GlobalSection(ProjectConfigurationPlatforms) = postSolution
		{10F2657D-AAC4-4F92-A8DC-569360BC39FF}.Debug|Any CPU.ActiveCfg = Debug|Any CPU
		{10F2657D-AAC4-4F92-A8DC-569360BC39FF}.Debug|Any CPU.Build.0 = Debug|Any CPU
		{10F2657D-AAC4-4F92-A8DC-569360BC39FF}.Release|Any CPU.ActiveCfg = Release|Any CPU
		{10F2657D-AAC4-4F92-A8DC-569360BC39FF}.Release|Any CPU.Build.0 = Release|Any CPU
		{B1BCCF5F-89B7-484A-A9E3-99E612451C91}.Debug|Any CPU.ActiveCfg = Debug|Any CPU
		{B1BCCF5F-89B7-484A-A9E3-99E612451C91}.Debug|Any CPU.Build.0 = Debug|Any CPU
		{B1BCCF5F-89B7-484A-A9E3-99E612451C91}.Release|Any CPU.ActiveCfg = Release|Any CPU
		{B1BCCF5F-89B7-484A-A9E3-99E612451C91}.Release|Any CPU.Build.0 = Release|Any CPU
		{28AF0F2F-4B2F-4AF2-8B87-145B3FC3F97C}.Debug|Any CPU.ActiveCfg = Debug|Any CPU
		{28AF0F2F-4B2F-4AF2-8B87-145B3FC3F97C}.Debug|Any CPU.Build.0 = Debug|Any CPU
		{28AF0F2F-4B2F-4AF2-8B87-145B3FC3F97C}.Release|Any CPU.ActiveCfg = Release|Any CPU
		{28AF0F2F-4B2F-4AF2-8B87-145B3FC3F97C}.Release|Any CPU.Build.0 = Release|Any CPU
		{D4B0D8FE-28A5-4280-B6E3-386143C9CF46}.Debug|Any CPU.ActiveCfg = Debug|Any CPU
		{D4B0D8FE-28A5-4280-B6E3-386143C9CF46}.Debug|Any CPU.Build.0 = Debug|Any CPU
		{D4B0D8FE-28A5-4280-B6E3-386143C9CF46}.Release|Any CPU.ActiveCfg = Release|Any CPU
		{D4B0D8FE-28A5-4280-B6E3-386143C9CF46}.Release|Any CPU.Build.0 = Release|Any CPU
		{D2A54578-8009-48D1-B84D-D0C2195C043F}.Debug|Any CPU.ActiveCfg = Debug|Any CPU
		{D2A54578-8009-48D1-B84D-D0C2195C043F}.Debug|Any CPU.Build.0 = Debug|Any CPU
		{D2A54578-8009-48D1-B84D-D0C2195C043F}.Release|Any CPU.ActiveCfg = Release|Any CPU
		{D2A54578-8009-48D1-B84D-D0C2195C043F}.Release|Any CPU.Build.0 = Release|Any CPU
		{52866A3D-D40E-4888-A015-0867DB489C74}.Debug|Any CPU.ActiveCfg = Debug|Any CPU
		{52866A3D-D40E-4888-A015-0867DB489C74}.Debug|Any CPU.Build.0 = Debug|Any CPU
		{52866A3D-D40E-4888-A015-0867DB489C74}.Release|Any CPU.ActiveCfg = Release|Any CPU
		{52866A3D-D40E-4888-A015-0867DB489C74}.Release|Any CPU.Build.0 = Release|Any CPU
		{B6BB848B-A43D-4E89-AB0E-A579985AF20D}.Debug|Any CPU.ActiveCfg = Debug|Any CPU
		{B6BB848B-A43D-4E89-AB0E-A579985AF20D}.Debug|Any CPU.Build.0 = Debug|Any CPU
		{B6BB848B-A43D-4E89-AB0E-A579985AF20D}.Release|Any CPU.ActiveCfg = Release|Any CPU
		{B6BB848B-A43D-4E89-AB0E-A579985AF20D}.Release|Any CPU.Build.0 = Release|Any CPU
		{18384BD1-D3A4-4408-8988-3BD2C65E65B2}.Debug|Any CPU.ActiveCfg = Debug|Any CPU
		{18384BD1-D3A4-4408-8988-3BD2C65E65B2}.Debug|Any CPU.Build.0 = Debug|Any CPU
		{18384BD1-D3A4-4408-8988-3BD2C65E65B2}.Release|Any CPU.ActiveCfg = Release|Any CPU
		{18384BD1-D3A4-4408-8988-3BD2C65E65B2}.Release|Any CPU.Build.0 = Release|Any CPU
		{515911FC-BAD5-41BD-9A1B-138A9109E664}.Debug|Any CPU.ActiveCfg = Debug|Any CPU
		{515911FC-BAD5-41BD-9A1B-138A9109E664}.Debug|Any CPU.Build.0 = Debug|Any CPU
		{515911FC-BAD5-41BD-9A1B-138A9109E664}.Release|Any CPU.ActiveCfg = Release|Any CPU
		{515911FC-BAD5-41BD-9A1B-138A9109E664}.Release|Any CPU.Build.0 = Release|Any CPU
		{3C47F353-EDD7-4442-8896-DD6142AF2688}.Debug|Any CPU.ActiveCfg = Debug|Any CPU
		{3C47F353-EDD7-4442-8896-DD6142AF2688}.Debug|Any CPU.Build.0 = Debug|Any CPU
		{3C47F353-EDD7-4442-8896-DD6142AF2688}.Release|Any CPU.ActiveCfg = Release|Any CPU
		{3C47F353-EDD7-4442-8896-DD6142AF2688}.Release|Any CPU.Build.0 = Release|Any CPU
		{F2862C9F-9E9C-4ACD-B644-206E18B79B12}.Debug|Any CPU.ActiveCfg = Debug|Any CPU
		{F2862C9F-9E9C-4ACD-B644-206E18B79B12}.Debug|Any CPU.Build.0 = Debug|Any CPU
		{F2862C9F-9E9C-4ACD-B644-206E18B79B12}.Release|Any CPU.ActiveCfg = Release|Any CPU
		{F2862C9F-9E9C-4ACD-B644-206E18B79B12}.Release|Any CPU.Build.0 = Release|Any CPU
	EndGlobalSection
EndGlobal
